
Microsoft Visual Studio Solution File, Format Version 12.00
# Visual Studio 14
VisualStudioVersion = 14.0.24720.0
MinimumVisualStudioVersion = 10.0.40219.1
Project("{2150E333-8FDC-42A3-9474-1A3956D46DE8}") = "Solution Items", "Solution Items", "{88E4DFB4-D446-4782-B5B4-C4C10BE835D0}"
	ProjectSection(SolutionItems) = preProject
		index.html = index.html
		scripts.js = scripts.js
	EndProjectSection
EndProject
Project("{2150E333-8FDC-42A3-9474-1A3956D46DE8}") = "scripts", "scripts", "{8D827852-654F-4D02-A477-DDF6530F83BF}"
	ProjectSection(SolutionItems) = preProject
		scripts\angular.js = scripts\angular.js
	EndProjectSection
EndProject
Global
	GlobalSection(SolutionProperties) = preSolution
		HideSolutionNode = FALSE
	EndGlobalSection
	GlobalSection(NestedProjects) = preSolution
		{8D827852-654F-4D02-A477-DDF6530F83BF} = {88E4DFB4-D446-4782-B5B4-C4C10BE835D0}
	EndGlobalSection
EndGlobal
